{
  "name": "FindMe-Web-System-2025",
  "lockfileVersion": 3,
  "requires": true,
  "packages": {
    "": {
      "name": "FindMe-Web-System-2025",
      "dependencies": {
        "jwt-decode": "^4.0.0"
      },
      "devDependencies": {
        "prettier-plugin-django-template": "^0.1.1"
      }
    },
    "node_modules/jwt-decode": {
      "version": "4.0.0",
      "license": "MIT",
      "engines": {
        "node": ">=18"
      }
    },
    "node_modules/prettier": {
      "version": "3.6.2",
      "dev": true,
      "license": "MIT",
      "peer": true,
      "bin": {
        "prettier": "bin/prettier.cjs"
      },
      "engines": {
        "node": ">=14"
      },
      "funding": {
        "url": "https://github.com/prettier/prettier?sponsor=1"
      }
    },
    "node_modules/prettier-plugin-django-template": {
      "version": "0.1.1",
      "dev": true,
      "license": "MIT",
      "peerDependencies": {
        "prettier": "^3.0.0"
      }
    }
  }
}
